
Microsoft Visual Studio Solution File, Format Version 12.00
# Visual Studio Version 17
VisualStudioVersion = 17.3.32825.248
MinimumVisualStudioVersion = 10.0.40219.1
Project("{FAE04EC0-301F-11D3-BF4B-00C04F79EFBC}") = "Method2.0", "Method2.0\Method2.0.csproj", "{D74F9191-A416-407E-88BF-153284A59362}"
EndProject
Global
	GlobalSection(SolutionConfigurationPlatforms) = preSolution
		Debug|Any CPU = Debug|Any CPU
		Release|Any CPU = Release|Any CPU
	EndGlobalSection
	GlobalSection(ProjectConfigurationPlatforms) = postSolution
		{D74F9191-A416-407E-88BF-153284A59362}.Debug|Any CPU.ActiveCfg = Debug|Any CPU
		{D74F9191-A416-407E-88BF-153284A59362}.Debug|Any CPU.Build.0 = Debug|Any CPU
		{D74F9191-A416-407E-88BF-153284A59362}.Release|Any CPU.ActiveCfg = Release|Any CPU
		{D74F9191-A416-407E-88BF-153284A59362}.Release|Any CPU.Build.0 = Release|Any CPU
	EndGlobalSection
	GlobalSection(SolutionProperties) = preSolution
		HideSolutionNode = FALSE
	EndGlobalSection
	GlobalSection(ExtensibilityGlobals) = postSolution
		SolutionGuid = {BC5E2C17-2D8E-483C-BB51-3D97567C9DF6}
	EndGlobalSection
EndGlobal
